
Microsoft Visual Studio Solution File, Format Version 12.00
# Visual Studio Version 17
VisualStudioVersion = 17.0.31903.59
MinimumVisualStudioVersion = 10.0.40219.1
Project("{2150E333-8FDC-42A3-9474-1A3956D46DE8}") = "src", "src", "{B200E04C-DB18-4331-9A9F-53438647B5B5}"
EndProject
Project("{FAE04EC0-301F-11D3-BF4B-00C04F79EFBC}") = "FilmDb", "src\FilmDb\FilmDb.csproj", "{822973F2-7138-B717-465B-BCE1756D40F4}"
EndProject
Project("{2150E333-8FDC-42A3-9474-1A3956D46DE8}") = "tests", "tests", "{6BDB8204-289E-406E-B3CD-4AD0AAC1A853}"
EndProject
Project("{FAE04EC0-301F-11D3-BF4B-00C04F79EFBC}") = "FilmDb.Tests", "tests\FilmDb.Tests\FilmDb.Tests.csproj", "{9CF47860-2CEA-F379-09D8-9AEF27965D12}"
EndProject
Project("{FAE04EC0-301F-11D3-BF4B-00C04F79EFBC}") = "AppHost", "src\AppHost\AppHost.csproj", "{233DD04B-8715-4697-8045-E2A4EA02C87F}"
EndProject
Project("{FAE04EC0-301F-11D3-BF4B-00C04F79EFBC}") = "AppHost.Tests", "tests\AppHost.Tests\AppHost.Tests.csproj", "{A664B482-5E64-4EA1-B588-E36642B8E402}"
EndProject
Global
	GlobalSection(SolutionConfigurationPlatforms) = preSolution
		Debug|Any CPU = Debug|Any CPU
		Debug|x64 = Debug|x64
		Debug|x86 = Debug|x86
		Release|Any CPU = Release|Any CPU
		Release|x64 = Release|x64
		Release|x86 = Release|x86
	EndGlobalSection
	GlobalSection(ProjectConfigurationPlatforms) = postSolution
		{822973F2-7138-B717-465B-BCE1756D40F4}.Debug|Any CPU.ActiveCfg = Debug|Any CPU
		{822973F2-7138-B717-465B-BCE1756D40F4}.Debug|Any CPU.Build.0 = Debug|Any CPU
		{822973F2-7138-B717-465B-BCE1756D40F4}.Debug|x64.ActiveCfg = Debug|Any CPU
		{822973F2-7138-B717-465B-BCE1756D40F4}.Debug|x64.Build.0 = Debug|Any CPU
		{822973F2-7138-B717-465B-BCE1756D40F4}.Debug|x86.ActiveCfg = Debug|Any CPU
		{822973F2-7138-B717-465B-BCE1756D40F4}.Debug|x86.Build.0 = Debug|Any CPU
		{822973F2-7138-B717-465B-BCE1756D40F4}.Release|Any CPU.ActiveCfg = Release|Any CPU
		{822973F2-7138-B717-465B-BCE1756D40F4}.Release|Any CPU.Build.0 = Release|Any CPU
		{822973F2-7138-B717-465B-BCE1756D40F4}.Release|x64.ActiveCfg = Release|Any CPU
		{822973F2-7138-B717-465B-BCE1756D40F4}.Release|x64.Build.0 = Release|Any CPU
		{822973F2-7138-B717-465B-BCE1756D40F4}.Release|x86.ActiveCfg = Release|Any CPU
		{822973F2-7138-B717-465B-BCE1756D40F4}.Release|x86.Build.0 = Release|Any CPU
		{9CF47860-2CEA-F379-09D8-9AEF27965D12}.Debug|Any CPU.ActiveCfg = Debug|Any CPU
		{9CF47860-2CEA-F379-09D8-9AEF27965D12}.Debug|Any CPU.Build.0 = Debug|Any CPU
		{9CF47860-2CEA-F379-09D8-9AEF27965D12}.Debug|x64.ActiveCfg = Debug|Any CPU
		{9CF47860-2CEA-F379-09D8-9AEF27965D12}.Debug|x64.Build.0 = Debug|Any CPU
		{9CF47860-2CEA-F379-09D8-9AEF27965D12}.Debug|x86.ActiveCfg = Debug|Any CPU
		{9CF47860-2CEA-F379-09D8-9AEF27965D12}.Debug|x86.Build.0 = Debug|Any CPU
		{9CF47860-2CEA-F379-09D8-9AEF27965D12}.Release|Any CPU.ActiveCfg = Release|Any CPU
		{9CF47860-2CEA-F379-09D8-9AEF27965D12}.Release|Any CPU.Build.0 = Release|Any CPU
		{9CF47860-2CEA-F379-09D8-9AEF27965D12}.Release|x64.ActiveCfg = Release|Any CPU
		{9CF47860-2CEA-F379-09D8-9AEF27965D12}.Release|x64.Build.0 = Release|Any CPU
		{9CF47860-2CEA-F379-09D8-9AEF27965D12}.Release|x86.ActiveCfg = Release|Any CPU
		{9CF47860-2CEA-F379-09D8-9AEF27965D12}.Release|x86.Build.0 = Release|Any CPU
		{233DD04B-8715-4697-8045-E2A4EA02C87F}.Debug|Any CPU.ActiveCfg = Debug|Any CPU
		{233DD04B-8715-4697-8045-E2A4EA02C87F}.Debug|Any CPU.Build.0 = Debug|Any CPU
		{233DD04B-8715-4697-8045-E2A4EA02C87F}.Debug|x64.ActiveCfg = Debug|Any CPU
		{233DD04B-8715-4697-8045-E2A4EA02C87F}.Debug|x64.Build.0 = Debug|Any CPU
		{233DD04B-8715-4697-8045-E2A4EA02C87F}.Debug|x86.ActiveCfg = Debug|Any CPU
		{233DD04B-8715-4697-8045-E2A4EA02C87F}.Debug|x86.Build.0 = Debug|Any CPU
		{233DD04B-8715-4697-8045-E2A4EA02C87F}.Release|Any CPU.ActiveCfg = Release|Any CPU
		{233DD04B-8715-4697-8045-E2A4EA02C87F}.Release|Any CPU.Build.0 = Release|Any CPU
		{233DD04B-8715-4697-8045-E2A4EA02C87F}.Release|x64.ActiveCfg = Release|Any CPU
		{233DD04B-8715-4697-8045-E2A4EA02C87F}.Release|x64.Build.0 = Release|Any CPU
		{233DD04B-8715-4697-8045-E2A4EA02C87F}.Release|x86.ActiveCfg = Release|Any CPU
		{233DD04B-8715-4697-8045-E2A4EA02C87F}.Release|x86.Build.0 = Release|Any CPU
		{A664B482-5E64-4EA1-B588-E36642B8E402}.Debug|Any CPU.ActiveCfg = Debug|Any CPU
		{A664B482-5E64-4EA1-B588-E36642B8E402}.Debug|Any CPU.Build.0 = Debug|Any CPU
		{A664B482-5E64-4EA1-B588-E36642B8E402}.Debug|x64.ActiveCfg = Debug|Any CPU
		{A664B482-5E64-4EA1-B588-E36642B8E402}.Debug|x64.Build.0 = Debug|Any CPU
		{A664B482-5E64-4EA1-B588-E36642B8E402}.Debug|x86.ActiveCfg = Debug|Any CPU
		{A664B482-5E64-4EA1-B588-E36642B8E402}.Debug|x86.Build.0 = Debug|Any CPU
		{A664B482-5E64-4EA1-B588-E36642B8E402}.Release|Any CPU.ActiveCfg = Release|Any CPU
		{A664B482-5E64-4EA1-B588-E36642B8E402}.Release|Any CPU.Build.0 = Release|Any CPU
		{A664B482-5E64-4EA1-B588-E36642B8E402}.Release|x64.ActiveCfg = Release|Any CPU
		{A664B482-5E64-4EA1-B588-E36642B8E402}.Release|x64.Build.0 = Release|Any CPU
		{A664B482-5E64-4EA1-B588-E36642B8E402}.Release|x86.ActiveCfg = Release|Any CPU
		{A664B482-5E64-4EA1-B588-E36642B8E402}.Release|x86.Build.0 = Release|Any CPU
	EndGlobalSection
	GlobalSection(SolutionProperties) = preSolution
		HideSolutionNode = FALSE
	EndGlobalSection
	GlobalSection(NestedProjects) = preSolution
		{822973F2-7138-B717-465B-BCE1756D40F4} = {B200E04C-DB18-4331-9A9F-53438647B5B5}
		{9CF47860-2CEA-F379-09D8-9AEF27965D12} = {6BDB8204-289E-406E-B3CD-4AD0AAC1A853}
		{233DD04B-8715-4697-8045-E2A4EA02C87F} = {B200E04C-DB18-4331-9A9F-53438647B5B5}
		{A664B482-5E64-4EA1-B588-E36642B8E402} = {6BDB8204-289E-406E-B3CD-4AD0AAC1A853}
	EndGlobalSection
	GlobalSection(ExtensibilityGlobals) = postSolution
		SolutionGuid = {03260CE8-7629-4FF8-A2C0-45D8C34B6A37}
	EndGlobalSection
EndGlobal
